
Microsoft Visual Studio Solution File, Format Version 12.00
# Visual Studio Version 17
VisualStudioVersion = 17.9.34714.143
MinimumVisualStudioVersion = 10.0.40219.1
Project("{9A19103F-16F7-4668-BE54-9A1E7A4F7556}") = "ApiRegistration", "ApiRegistration.csproj", "{A33F8FA3-EA87-4923-B77D-388AAE298B32}"
EndProject
Project("{FAE04EC0-301F-11D3-BF4B-00C04F79EFBC}") = "TestProject2", "..\TestProject2\TestProject2.csproj", "{FEB7C494-4285-4064-9442-C55D5A05FCD3}"
EndProject
Global
	GlobalSection(SolutionConfigurationPlatforms) = preSolution
		Debug|Any CPU = Debug|Any CPU
		Release|Any CPU = Release|Any CPU
	EndGlobalSection
	GlobalSection(ProjectConfigurationPlatforms) = postSolution
		{A33F8FA3-EA87-4923-B77D-388AAE298B32}.Debug|Any CPU.ActiveCfg = Debug|Any CPU
		{A33F8FA3-EA87-4923-B77D-388AAE298B32}.Debug|Any CPU.Build.0 = Debug|Any CPU
		{A33F8FA3-EA87-4923-B77D-388AAE298B32}.Release|Any CPU.ActiveCfg = Release|Any CPU
		{A33F8FA3-EA87-4923-B77D-388AAE298B32}.Release|Any CPU.Build.0 = Release|Any CPU
		{FEB7C494-4285-4064-9442-C55D5A05FCD3}.Debug|Any CPU.ActiveCfg = Debug|Any CPU
		{FEB7C494-4285-4064-9442-C55D5A05FCD3}.Debug|Any CPU.Build.0 = Debug|Any CPU
		{FEB7C494-4285-4064-9442-C55D5A05FCD3}.Release|Any CPU.ActiveCfg = Release|Any CPU
		{FEB7C494-4285-4064-9442-C55D5A05FCD3}.Release|Any CPU.Build.0 = Release|Any CPU
	EndGlobalSection
	GlobalSection(SolutionProperties) = preSolution
		HideSolutionNode = FALSE
	EndGlobalSection
	GlobalSection(ExtensibilityGlobals) = postSolution
		SolutionGuid = {092E5C38-34E4-40DD-BFE2-7B87B2F5DE7A}
	EndGlobalSection
EndGlobal
